
Microsoft Visual Studio Solution File, Format Version 12.00
# Visual Studio Version 17
VisualStudioVersion = 17.11.35219.272
MinimumVisualStudioVersion = 10.0.40219.1
Project("{8BC9CEB8-8B4A-11D0-8D11-00A0C91BC942}") = "001_HelloWorld", "001_HelloWorld\001_HelloWorld.vcxproj", "{BD657F1B-2D4D-479B-87D3-82F362FCD3FF}"
EndProject
Project("{8BC9CEB8-8B4A-11D0-8D11-00A0C91BC942}") = "002_Name", "002_Name\002_Name.vcxproj", "{3241AF8E-8D92-4154-8211-7F7280CEF647}"
EndProject
Project("{8BC9CEB8-8B4A-11D0-8D11-00A0C91BC942}") = "003_smallest", "003_small\003_small.vcxproj", "{D00407BD-9FEB-4AA8-A09C-95F6D60794D1}"
EndProject
Project("{8BC9CEB8-8B4A-11D0-8D11-00A0C91BC942}") = "004_music", "004_music\004_music.vcxproj", "{BC0E58EC-ABBB-46E3-817D-3018B1216765}"
EndProject
Project("{8BC9CEB8-8B4A-11D0-8D11-00A0C91BC942}") = "005_plus", "005_plus\005_plus.vcxproj", "{B537B874-EFF3-4C44-B89F-4FD574FB1A53}"
EndProject
Project("{8BC9CEB8-8B4A-11D0-8D11-00A0C91BC942}") = "006_format(1장3예제)", "006_format(1장3예제)\006_format(1장3예제).vcxproj", "{B0690B89-AF4D-4F0E-8E05-D413BF89A1B9}"
EndProject
Project("{8BC9CEB8-8B4A-11D0-8D11-00A0C91BC942}") = "007_variable", "007_variable\007_variable.vcxproj", "{9E8D011A-0EBF-4B42-8AB3-A5A083BC40A0}"
EndProject
Project("{8BC9CEB8-8B4A-11D0-8D11-00A0C91BC942}") = "008_arithmetic", "008_arithmetic\008_arithmetic.vcxproj", "{94BB80CA-6415-48A6-89AE-42F8A215B43B}"
EndProject
Project("{8BC9CEB8-8B4A-11D0-8D11-00A0C91BC942}") = "009_sizeof", "009_sizeof\009_sizeof.vcxproj", "{2C44553D-641B-4011-89BF-EAAABA75D595}"
EndProject
Project("{8BC9CEB8-8B4A-11D0-8D11-00A0C91BC942}") = "010_type", "010_type\010_type.vcxproj", "{9070B4A4-CFEB-409F-9753-344FAD98D761}"
EndProject
Project("{8BC9CEB8-8B4A-11D0-8D11-00A0C91BC942}") = "011_average", "011_average\011_average.vcxproj", "{B235C930-90CB-4264-B710-67F73E66F843}"
EndProject
Project("{8BC9CEB8-8B4A-11D0-8D11-00A0C91BC942}") = "012_ASCII", "012_ASCII\012_ASCII.vcxproj", "{B6626353-390D-404B-89A0-0A61C8E2B6F2}"
EndProject
Project("{8BC9CEB8-8B4A-11D0-8D11-00A0C91BC942}") = "013_ASCII2", "013_ASCII2\013_ASCII2.vcxproj", "{20131EFF-7595-4BBD-A0CE-773C0F823AE3}"
EndProject
Project("{8BC9CEB8-8B4A-11D0-8D11-00A0C91BC942}") = "014_increment", "014_increment\014_increment.vcxproj", "{C8265B0B-155F-4D07-BCBB-946A069D864E}"
EndProject
Project("{8BC9CEB8-8B4A-11D0-8D11-00A0C91BC942}") = "015_relational", "015_relational\015_relational.vcxproj", "{A809B713-56AD-4115-9337-37D3A4A5B099}"
EndProject
Project("{8BC9CEB8-8B4A-11D0-8D11-00A0C91BC942}") = "016_logicalop", "016_logicalop\016_logicalop.vcxproj", "{C2FF6AC6-DAD1-4382-80A0-AFC18C315BC2}"
EndProject
Global
	GlobalSection(SolutionConfigurationPlatforms) = preSolution
		Debug|x64 = Debug|x64
		Debug|x86 = Debug|x86
		Release|x64 = Release|x64
		Release|x86 = Release|x86
	EndGlobalSection
	GlobalSection(ProjectConfigurationPlatforms) = postSolution
		{BD657F1B-2D4D-479B-87D3-82F362FCD3FF}.Debug|x64.ActiveCfg = Debug|x64
		{BD657F1B-2D4D-479B-87D3-82F362FCD3FF}.Debug|x64.Build.0 = Debug|x64
		{BD657F1B-2D4D-479B-87D3-82F362FCD3FF}.Debug|x86.ActiveCfg = Debug|Win32
		{BD657F1B-2D4D-479B-87D3-82F362FCD3FF}.Debug|x86.Build.0 = Debug|Win32
		{BD657F1B-2D4D-479B-87D3-82F362FCD3FF}.Release|x64.ActiveCfg = Release|x64
		{BD657F1B-2D4D-479B-87D3-82F362FCD3FF}.Release|x64.Build.0 = Release|x64
		{BD657F1B-2D4D-479B-87D3-82F362FCD3FF}.Release|x86.ActiveCfg = Release|Win32
		{BD657F1B-2D4D-479B-87D3-82F362FCD3FF}.Release|x86.Build.0 = Release|Win32
		{3241AF8E-8D92-4154-8211-7F7280CEF647}.Debug|x64.ActiveCfg = Debug|x64
		{3241AF8E-8D92-4154-8211-7F7280CEF647}.Debug|x64.Build.0 = Debug|x64
		{3241AF8E-8D92-4154-8211-7F7280CEF647}.Debug|x86.ActiveCfg = Debug|Win32
		{3241AF8E-8D92-4154-8211-7F7280CEF647}.Debug|x86.Build.0 = Debug|Win32
		{3241AF8E-8D92-4154-8211-7F7280CEF647}.Release|x64.ActiveCfg = Release|x64
		{3241AF8E-8D92-4154-8211-7F7280CEF647}.Release|x64.Build.0 = Release|x64
		{3241AF8E-8D92-4154-8211-7F7280CEF647}.Release|x86.ActiveCfg = Release|Win32
		{3241AF8E-8D92-4154-8211-7F7280CEF647}.Release|x86.Build.0 = Release|Win32
		{D00407BD-9FEB-4AA8-A09C-95F6D60794D1}.Debug|x64.ActiveCfg = Debug|x64
		{D00407BD-9FEB-4AA8-A09C-95F6D60794D1}.Debug|x64.Build.0 = Debug|x64
		{D00407BD-9FEB-4AA8-A09C-95F6D60794D1}.Debug|x86.ActiveCfg = Debug|Win32
		{D00407BD-9FEB-4AA8-A09C-95F6D60794D1}.Debug|x86.Build.0 = Debug|Win32
		{D00407BD-9FEB-4AA8-A09C-95F6D60794D1}.Release|x64.ActiveCfg = Release|x64
		{D00407BD-9FEB-4AA8-A09C-95F6D60794D1}.Release|x64.Build.0 = Release|x64
		{D00407BD-9FEB-4AA8-A09C-95F6D60794D1}.Release|x86.ActiveCfg = Release|Win32
		{D00407BD-9FEB-4AA8-A09C-95F6D60794D1}.Release|x86.Build.0 = Release|Win32
		{BC0E58EC-ABBB-46E3-817D-3018B1216765}.Debug|x64.ActiveCfg = Debug|x64
		{BC0E58EC-ABBB-46E3-817D-3018B1216765}.Debug|x64.Build.0 = Debug|x64
		{BC0E58EC-ABBB-46E3-817D-3018B1216765}.Debug|x86.ActiveCfg = Debug|Win32
		{BC0E58EC-ABBB-46E3-817D-3018B1216765}.Debug|x86.Build.0 = Debug|Win32
		{BC0E58EC-ABBB-46E3-817D-3018B1216765}.Release|x64.ActiveCfg = Release|x64
		{BC0E58EC-ABBB-46E3-817D-3018B1216765}.Release|x64.Build.0 = Release|x64
		{BC0E58EC-ABBB-46E3-817D-3018B1216765}.Release|x86.ActiveCfg = Release|Win32
		{BC0E58EC-ABBB-46E3-817D-3018B1216765}.Release|x86.Build.0 = Release|Win32
		{B537B874-EFF3-4C44-B89F-4FD574FB1A53}.Debug|x64.ActiveCfg = Debug|x64
		{B537B874-EFF3-4C44-B89F-4FD574FB1A53}.Debug|x64.Build.0 = Debug|x64
		{B537B874-EFF3-4C44-B89F-4FD574FB1A53}.Debug|x86.ActiveCfg = Debug|Win32
		{B537B874-EFF3-4C44-B89F-4FD574FB1A53}.Debug|x86.Build.0 = Debug|Win32
		{B537B874-EFF3-4C44-B89F-4FD574FB1A53}.Release|x64.ActiveCfg = Release|x64
		{B537B874-EFF3-4C44-B89F-4FD574FB1A53}.Release|x64.Build.0 = Release|x64
		{B537B874-EFF3-4C44-B89F-4FD574FB1A53}.Release|x86.ActiveCfg = Release|Win32
		{B537B874-EFF3-4C44-B89F-4FD574FB1A53}.Release|x86.Build.0 = Release|Win32
		{B0690B89-AF4D-4F0E-8E05-D413BF89A1B9}.Debug|x64.ActiveCfg = Debug|x64
		{B0690B89-AF4D-4F0E-8E05-D413BF89A1B9}.Debug|x64.Build.0 = Debug|x64
		{B0690B89-AF4D-4F0E-8E05-D413BF89A1B9}.Debug|x86.ActiveCfg = Debug|Win32
		{B0690B89-AF4D-4F0E-8E05-D413BF89A1B9}.Debug|x86.Build.0 = Debug|Win32
		{B0690B89-AF4D-4F0E-8E05-D413BF89A1B9}.Release|x64.ActiveCfg = Release|x64
		{B0690B89-AF4D-4F0E-8E05-D413BF89A1B9}.Release|x64.Build.0 = Release|x64
		{B0690B89-AF4D-4F0E-8E05-D413BF89A1B9}.Release|x86.ActiveCfg = Release|Win32
		{B0690B89-AF4D-4F0E-8E05-D413BF89A1B9}.Release|x86.Build.0 = Release|Win32
		{9E8D011A-0EBF-4B42-8AB3-A5A083BC40A0}.Debug|x64.ActiveCfg = Debug|x64
		{9E8D011A-0EBF-4B42-8AB3-A5A083BC40A0}.Debug|x64.Build.0 = Debug|x64
		{9E8D011A-0EBF-4B42-8AB3-A5A083BC40A0}.Debug|x86.ActiveCfg = Debug|Win32
		{9E8D011A-0EBF-4B42-8AB3-A5A083BC40A0}.Debug|x86.Build.0 = Debug|Win32
		{9E8D011A-0EBF-4B42-8AB3-A5A083BC40A0}.Release|x64.ActiveCfg = Release|x64
		{9E8D011A-0EBF-4B42-8AB3-A5A083BC40A0}.Release|x64.Build.0 = Release|x64
		{9E8D011A-0EBF-4B42-8AB3-A5A083BC40A0}.Release|x86.ActiveCfg = Release|Win32
		{9E8D011A-0EBF-4B42-8AB3-A5A083BC40A0}.Release|x86.Build.0 = Release|Win32
		{94BB80CA-6415-48A6-89AE-42F8A215B43B}.Debug|x64.ActiveCfg = Debug|x64
		{94BB80CA-6415-48A6-89AE-42F8A215B43B}.Debug|x64.Build.0 = Debug|x64
		{94BB80CA-6415-48A6-89AE-42F8A215B43B}.Debug|x86.ActiveCfg = Debug|Win32
		{94BB80CA-6415-48A6-89AE-42F8A215B43B}.Debug|x86.Build.0 = Debug|Win32
		{94BB80CA-6415-48A6-89AE-42F8A215B43B}.Release|x64.ActiveCfg = Release|x64
		{94BB80CA-6415-48A6-89AE-42F8A215B43B}.Release|x64.Build.0 = Release|x64
		{94BB80CA-6415-48A6-89AE-42F8A215B43B}.Release|x86.ActiveCfg = Release|Win32
		{94BB80CA-6415-48A6-89AE-42F8A215B43B}.Release|x86.Build.0 = Release|Win32
		{2C44553D-641B-4011-89BF-EAAABA75D595}.Debug|x64.ActiveCfg = Debug|x64
		{2C44553D-641B-4011-89BF-EAAABA75D595}.Debug|x64.Build.0 = Debug|x64
		{2C44553D-641B-4011-89BF-EAAABA75D595}.Debug|x86.ActiveCfg = Debug|Win32
		{2C44553D-641B-4011-89BF-EAAABA75D595}.Debug|x86.Build.0 = Debug|Win32
		{2C44553D-641B-4011-89BF-EAAABA75D595}.Release|x64.ActiveCfg = Release|x64
		{2C44553D-641B-4011-89BF-EAAABA75D595}.Release|x64.Build.0 = Release|x64
		{2C44553D-641B-4011-89BF-EAAABA75D595}.Release|x86.ActiveCfg = Release|Win32
		{2C44553D-641B-4011-89BF-EAAABA75D595}.Release|x86.Build.0 = Release|Win32
		{9070B4A4-CFEB-409F-9753-344FAD98D761}.Debug|x64.ActiveCfg = Debug|x64
		{9070B4A4-CFEB-409F-9753-344FAD98D761}.Debug|x64.Build.0 = Debug|x64
		{9070B4A4-CFEB-409F-9753-344FAD98D761}.Debug|x86.ActiveCfg = Debug|Win32
		{9070B4A4-CFEB-409F-9753-344FAD98D761}.Debug|x86.Build.0 = Debug|Win32
		{9070B4A4-CFEB-409F-9753-344FAD98D761}.Release|x64.ActiveCfg = Release|x64
		{9070B4A4-CFEB-409F-9753-344FAD98D761}.Release|x64.Build.0 = Release|x64
		{9070B4A4-CFEB-409F-9753-344FAD98D761}.Release|x86.ActiveCfg = Release|Win32
		{9070B4A4-CFEB-409F-9753-344FAD98D761}.Release|x86.Build.0 = Release|Win32
		{B235C930-90CB-4264-B710-67F73E66F843}.Debug|x64.ActiveCfg = Debug|x64
		{B235C930-90CB-4264-B710-67F73E66F843}.Debug|x64.Build.0 = Debug|x64
		{B235C930-90CB-4264-B710-67F73E66F843}.Debug|x86.ActiveCfg = Debug|Win32
		{B235C930-90CB-4264-B710-67F73E66F843}.Debug|x86.Build.0 = Debug|Win32
		{B235C930-90CB-4264-B710-67F73E66F843}.Release|x64.ActiveCfg = Release|x64
		{B235C930-90CB-4264-B710-67F73E66F843}.Release|x64.Build.0 = Release|x64
		{B235C930-90CB-4264-B710-67F73E66F843}.Release|x86.ActiveCfg = Release|Win32
		{B235C930-90CB-4264-B710-67F73E66F843}.Release|x86.Build.0 = Release|Win32
		{B6626353-390D-404B-89A0-0A61C8E2B6F2}.Debug|x64.ActiveCfg = Debug|x64
		{B6626353-390D-404B-89A0-0A61C8E2B6F2}.Debug|x64.Build.0 = Debug|x64
		{B6626353-390D-404B-89A0-0A61C8E2B6F2}.Debug|x86.ActiveCfg = Debug|Win32
		{B6626353-390D-404B-89A0-0A61C8E2B6F2}.Debug|x86.Build.0 = Debug|Win32
		{B6626353-390D-404B-89A0-0A61C8E2B6F2}.Release|x64.ActiveCfg = Release|x64
		{B6626353-390D-404B-89A0-0A61C8E2B6F2}.Release|x64.Build.0 = Release|x64
		{B6626353-390D-404B-89A0-0A61C8E2B6F2}.Release|x86.ActiveCfg = Release|Win32
		{B6626353-390D-404B-89A0-0A61C8E2B6F2}.Release|x86.Build.0 = Release|Win32
		{20131EFF-7595-4BBD-A0CE-773C0F823AE3}.Debug|x64.ActiveCfg = Debug|x64
		{20131EFF-7595-4BBD-A0CE-773C0F823AE3}.Debug|x64.Build.0 = Debug|x64
		{20131EFF-7595-4BBD-A0CE-773C0F823AE3}.Debug|x86.ActiveCfg = Debug|Win32
		{20131EFF-7595-4BBD-A0CE-773C0F823AE3}.Debug|x86.Build.0 = Debug|Win32
		{20131EFF-7595-4BBD-A0CE-773C0F823AE3}.Release|x64.ActiveCfg = Release|x64
		{20131EFF-7595-4BBD-A0CE-773C0F823AE3}.Release|x64.Build.0 = Release|x64
		{20131EFF-7595-4BBD-A0CE-773C0F823AE3}.Release|x86.ActiveCfg = Release|Win32
		{20131EFF-7595-4BBD-A0CE-773C0F823AE3}.Release|x86.Build.0 = Release|Win32
		{C8265B0B-155F-4D07-BCBB-946A069D864E}.Debug|x64.ActiveCfg = Debug|x64
		{C8265B0B-155F-4D07-BCBB-946A069D864E}.Debug|x64.Build.0 = Debug|x64
		{C8265B0B-155F-4D07-BCBB-946A069D864E}.Debug|x86.ActiveCfg = Debug|Win32
		{C8265B0B-155F-4D07-BCBB-946A069D864E}.Debug|x86.Build.0 = Debug|Win32
		{C8265B0B-155F-4D07-BCBB-946A069D864E}.Release|x64.ActiveCfg = Release|x64
		{C8265B0B-155F-4D07-BCBB-946A069D864E}.Release|x64.Build.0 = Release|x64
		{C8265B0B-155F-4D07-BCBB-946A069D864E}.Release|x86.ActiveCfg = Release|Win32
		{C8265B0B-155F-4D07-BCBB-946A069D864E}.Release|x86.Build.0 = Release|Win32
		{A809B713-56AD-4115-9337-37D3A4A5B099}.Debug|x64.ActiveCfg = Debug|x64
		{A809B713-56AD-4115-9337-37D3A4A5B099}.Debug|x64.Build.0 = Debug|x64
		{A809B713-56AD-4115-9337-37D3A4A5B099}.Debug|x86.ActiveCfg = Debug|Win32
		{A809B713-56AD-4115-9337-37D3A4A5B099}.Debug|x86.Build.0 = Debug|Win32
		{A809B713-56AD-4115-9337-37D3A4A5B099}.Release|x64.ActiveCfg = Release|x64
		{A809B713-56AD-4115-9337-37D3A4A5B099}.Release|x64.Build.0 = Release|x64
		{A809B713-56AD-4115-9337-37D3A4A5B099}.Release|x86.ActiveCfg = Release|Win32
		{A809B713-56AD-4115-9337-37D3A4A5B099}.Release|x86.Build.0 = Release|Win32
		{C2FF6AC6-DAD1-4382-80A0-AFC18C315BC2}.Debug|x64.ActiveCfg = Debug|x64
		{C2FF6AC6-DAD1-4382-80A0-AFC18C315BC2}.Debug|x64.Build.0 = Debug|x64
		{C2FF6AC6-DAD1-4382-80A0-AFC18C315BC2}.Debug|x86.ActiveCfg = Debug|Win32
		{C2FF6AC6-DAD1-4382-80A0-AFC18C315BC2}.Debug|x86.Build.0 = Debug|Win32
		{C2FF6AC6-DAD1-4382-80A0-AFC18C315BC2}.Release|x64.ActiveCfg = Release|x64
		{C2FF6AC6-DAD1-4382-80A0-AFC18C315BC2}.Release|x64.Build.0 = Release|x64
		{C2FF6AC6-DAD1-4382-80A0-AFC18C315BC2}.Release|x86.ActiveCfg = Release|Win32
		{C2FF6AC6-DAD1-4382-80A0-AFC18C315BC2}.Release|x86.Build.0 = Release|Win32
	EndGlobalSection
	GlobalSection(SolutionProperties) = preSolution
		HideSolutionNode = FALSE
	EndGlobalSection
	GlobalSection(ExtensibilityGlobals) = postSolution
		SolutionGuid = {008A972A-03A2-4FB0-8B86-33E66BFC1292}
	EndGlobalSection
EndGlobal
